
Microsoft Visual Studio Solution File, Format Version 12.00
# Visual Studio Version 17
VisualStudioVersion = 17.2.32616.157
MinimumVisualStudioVersion = 10.0.40219.1
Project("{9A19103F-16F7-4668-BE54-9A1E7A4F7556}") = "FluentMigrator.NHibernateGenerator", "FluentMigrator.NHibernateGenerator\FluentMigrator.NHibernateGenerator.csproj", "{1FDDEB54-B99D-475E-A312-A0CD53AEADE9}"
EndProject
Project("{9A19103F-16F7-4668-BE54-9A1E7A4F7556}") = "GenTool", "GenTool\GenTool.csproj", "{7CE5789A-F43D-4167-A24F-685C6D101F3D}"
EndProject
Global
	GlobalSection(SolutionConfigurationPlatforms) = preSolution
		Debug|Any CPU = Debug|Any CPU
		Release|Any CPU = Release|Any CPU
	EndGlobalSection
	GlobalSection(ProjectConfigurationPlatforms) = postSolution
		{1FDDEB54-B99D-475E-A312-A0CD53AEADE9}.Debug|Any CPU.ActiveCfg = Debug|Any CPU
		{1FDDEB54-B99D-475E-A312-A0CD53AEADE9}.Debug|Any CPU.Build.0 = Debug|Any CPU
		{1FDDEB54-B99D-475E-A312-A0CD53AEADE9}.Release|Any CPU.ActiveCfg = Release|Any CPU
		{1FDDEB54-B99D-475E-A312-A0CD53AEADE9}.Release|Any CPU.Build.0 = Release|Any CPU
		{7CE5789A-F43D-4167-A24F-685C6D101F3D}.Debug|Any CPU.ActiveCfg = Debug|Any CPU
		{7CE5789A-F43D-4167-A24F-685C6D101F3D}.Debug|Any CPU.Build.0 = Debug|Any CPU
		{7CE5789A-F43D-4167-A24F-685C6D101F3D}.Release|Any CPU.ActiveCfg = Release|Any CPU
		{7CE5789A-F43D-4167-A24F-685C6D101F3D}.Release|Any CPU.Build.0 = Release|Any CPU
	EndGlobalSection
	GlobalSection(SolutionProperties) = preSolution
		HideSolutionNode = FALSE
	EndGlobalSection
	GlobalSection(ExtensibilityGlobals) = postSolution
		SolutionGuid = {3D14F369-2CE0-4E9F-B78C-3BB7A3BB284C}
	EndGlobalSection
EndGlobal
